
Microsoft Visual Studio Solution File, Format Version 12.00
# Visual Studio Version 17
VisualStudioVersion = 17.14.36401.2 d17.14
MinimumVisualStudioVersion = 10.0.40219.1
Project("{FAE04EC0-301F-11D3-BF4B-00C04F79EFBC}") = "BTL_LapTrinhWeb", "BTL_LapTrinhWeb\BTL_LapTrinhWeb.csproj", "{C808F4FE-8EDF-4940-BFBA-9C93E41DC5F7}"
EndProject
Global
	GlobalSection(SolutionConfigurationPlatforms) = preSolution
		Debug|Any CPU = Debug|Any CPU
		Release|Any CPU = Release|Any CPU
	EndGlobalSection
	GlobalSection(ProjectConfigurationPlatforms) = postSolution
		{C808F4FE-8EDF-4940-BFBA-9C93E41DC5F7}.Debug|Any CPU.ActiveCfg = Debug|Any CPU
		{C808F4FE-8EDF-4940-BFBA-9C93E41DC5F7}.Debug|Any CPU.Build.0 = Debug|Any CPU
		{C808F4FE-8EDF-4940-BFBA-9C93E41DC5F7}.Release|Any CPU.ActiveCfg = Release|Any CPU
		{C808F4FE-8EDF-4940-BFBA-9C93E41DC5F7}.Release|Any CPU.Build.0 = Release|Any CPU
	EndGlobalSection
	GlobalSection(SolutionProperties) = preSolution
		HideSolutionNode = FALSE
	EndGlobalSection
	GlobalSection(ExtensibilityGlobals) = postSolution
		SolutionGuid = {ADC7803E-7CC1-4ADE-9A36-2977F95D8268}
	EndGlobalSection
EndGlobal
